// !$*UTF8*$!
{
	archiveVersion = 1;
	classes = {
	};
	objectVersion = 77;
	objects = {

/* Begin PBXContainerItemProxy section */
		41B02B9F2ED5F57E0091B97F /* PBXContainerItemProxy */ = {
			isa = PBXContainerItemProxy;
			containerPortal = 41B02B872ED5F57C0091B97F /* Project object */;
			proxyType = 1;
			remoteGlobalIDString = 41B02B8E2ED5F57C0091B97F;
			remoteInfo = ChineseVoiceTranslator;
		};
		41B02BA92ED5F57E0091B97F /* PBXContainerItemProxy */ = {
			isa = PBXContainerItemProxy;
			containerPortal = 41B02B872ED5F57C0091B97F /* Project object */;
			proxyType = 1;
			remoteGlobalIDString = 41B02B8E2ED5F57C0091B97F;
			remoteInfo = ChineseVoiceTranslator;
		};
/* End PBXContainerItemProxy section */

/* Begin PBXFileReference section */
		41B02B8F2ED5F57C0091B97F /* ChineseVoiceTranslator.app */ = {isa = PBXFileReference; explicitFileType = wrapper.application; includeInIndex = 0; path = ChineseVoiceTranslator.app; sourceTree = BUILT_PRODUCTS_DIR; };
		41B02B9E2ED5F57E0091B97F /* ChineseVoiceTranslatorTests.xctest */ = {isa = PBXFileReference; explicitFileType = wrapper.cfbundle; includeInIndex = 0; path = ChineseVoiceTranslatorTests.xctest; sourceTree = BUILT_PRODUCTS_DIR; };
		41B02BA82ED5F57E0091B97F /* ChineseVoiceTranslatorUITests.xctest */ = {isa = PBXFileReference; explicitFileType = wrapper.cfbundle; includeInIndex = 0; path = ChineseVoiceTranslatorUITests.xctest; sourceTree = BUILT_PRODUCTS_DIR; };
/* End PBXFileReference section */

/* Begin PBXFileSystemSynchronizedRootGroup section */
		41B02B912ED5F57C0091B97F /* ChineseVoiceTranslator */ = {
			isa = PBXFileSystemSynchronizedRootGroup;
			path = ChineseVoiceTranslator;
			sourceTree = "<group>";
		};
		41B02BA12ED5F57E0091B97F /* ChineseVoiceTranslatorTests */ = {
			isa = PBXFileSystemSynchronizedRootGroup;
			path = ChineseVoiceTranslatorTests;
			sourceTree = "<group>";
		};
		41B02BAB2ED5F57E0091B97F /* ChineseVoiceTranslatorUITests */ = {
			isa = PBXFileSystemSynchronizedRootGroup;
			path = ChineseVoiceTranslatorUITests;
			sourceTree = "<group>";
		};
/* End PBXFileSystemSynchronizedRootGroup section */

/* Begin PBXFrameworksBuildPhase section */
		41B02B8C2ED5F57C0091B97F /* Frameworks */ = {
			isa = PBXFrameworksBuildPhase;
			buildActionMask = 2147483647;
			files = (
			);
			runOnlyForDeploymentPostprocessing = 0;
		};
		41B02B9B2ED5F57E0091B97F /* Frameworks */ = {
			isa = PBXFrameworksBuildPhase;
			buildActionMask = 2147483647;
			files = (
			);
			runOnlyForDeploymentPostprocessing = 0;
		};
		41B02BA52ED5F57E0091B97F /* Frameworks */ = {
			isa = PBXFrameworksBuildPhase;
			buildActionMask = 2147483647;
			files = (
			);
			runOnlyForDeploymentPostprocessing = 0;
		};
/* End PBXFrameworksBuildPhase section */

/* Begin PBXGroup section */
		41B02B862ED5F57C0091B97F = {
			isa = PBXGroup;
			children = (
				41B02B912ED5F57C0091B97F /* ChineseVoiceTranslator */,
				41B02BA12ED5F57E0091B97F /* ChineseVoiceTranslatorTests */,
				41B02BAB2ED5F57E0091B97F /* ChineseVoiceTranslatorUITests */,
				41B02B902ED5F57C0091B97F /* Products */,
			);
			sourceTree = "<group>";
		};
		41B02B902ED5F57C0091B97F /* Products */ = {
			isa = PBXGroup;
			children = (
				41B02B8F2ED5F57C0091B97F /* ChineseVoiceTranslator.app */,
				41B02B9E2ED5F57E0091B97F /* ChineseVoiceTranslatorTests.xctest */,
				41B02BA82ED5F57E0091B97F /* ChineseVoiceTranslatorUITests.xctest */,
			);
			name = Products;
			sourceTree = "<group>";
		};
/* End PBXGroup section */

/* Begin PBXNativeTarget section */
		41B02B8E2ED5F57C0091B97F /* ChineseVoiceTranslator */ = {
			isa = PBXNativeTarget;
			buildConfigurationList = 41B02BB22ED5F57E0091B97F /* Build configuration list for PBXNativeTarget "ChineseVoiceTranslator" */;
			buildPhases = (
				41B02B8B2ED5F57C0091B97F /* Sources */,
				41B02B8C2ED5F57C0091B97F /* Frameworks */,
				41B02B8D2ED5F57C0091B97F /* Resources */,
			);
			buildRules = (
			);
			dependencies = (
			);
			fileSystemSynchronizedGroups = (
				41B02B912ED5F57C0091B97F /* ChineseVoiceTranslator */,
			);
			name = ChineseVoiceTranslator;
			packageProductDependencies = (
			);
			productName = ChineseVoiceTranslator;
			productReference = 41B02B8F2ED5F57C0091B97F /* ChineseVoiceTranslator.app */;
			productType = "com.apple.product-type.application";
		};
		41B02B9D2ED5F57E0091B97F /* ChineseVoiceTranslatorTests */ = {
			isa = PBXNativeTarget;
			buildConfigurationList = 41B02BB52ED5F57E0091B97F /* Build configuration list for PBXNativeTarget "ChineseVoiceTranslatorTests" */;
			buildPhases = (
				41B02B9A2ED5F57E0091B97F /* Sources */,
				41B02B9B2ED5F57E0091B97F /* Frameworks */,
				41B02B9C2ED5F57E0091B97F /* Resources */,
			);
			buildRules = (
			);
			dependencies = (
				41B02BA02ED5F57E0091B97F /* PBXTargetDependency */,
			);
			fileSystemSynchronizedGroups = (
				41B02BA12ED5F57E0091B97F /* ChineseVoiceTranslatorTests */,
			);
			name = ChineseVoiceTranslatorTests;
			packageProductDependencies = (
			);
			productName = ChineseVoiceTranslatorTests;
			productReference = 41B02B9E2ED5F57E0091B97F /* ChineseVoiceTranslatorTests.xctest */;
			productType = "com.apple.product-type.bundle.unit-test";
		};
		41B02BA72ED5F57E0091B97F /* ChineseVoiceTranslatorUITests */ = {
			isa = PBXNativeTarget;
			buildConfigurationList = 41B02BB82ED5F57E0091B97F /* Build configuration list for PBXNativeTarget "ChineseVoiceTranslatorUITests" */;
			buildPhases = (
				41B02BA42ED5F57E0091B97F /* Sources */,
				41B02BA52ED5F57E0091B97F /* Frameworks */,
				41B02BA62ED5F57E0091B97F /* Resources */,
			);
			buildRules = (
			);
			dependencies = (
				41B02BAA2ED5F57E0091B97F /* PBXTargetDependency */,
			);
			fileSystemSynchronizedGroups = (
				41B02BAB2ED5F57E0091B97F /* ChineseVoiceTranslatorUITests */,
			);
			name = ChineseVoiceTranslatorUITests;
			packageProductDependencies = (
			);
			productName = ChineseVoiceTranslatorUITests;
			productReference = 41B02BA82ED5F57E0091B97F /* ChineseVoiceTranslatorUITests.xctest */;
			productType = "com.apple.product-type.bundle.ui-testing";
		};
/* End PBXNativeTarget section */

/* Begin PBXProject section */
		41B02B872ED5F57C0091B97F /* Project object */ = {
			isa = PBXProject;
			attributes = {
				BuildIndependentTargetsInParallel = 1;
				LastSwiftUpdateCheck = 2610;
				LastUpgradeCheck = 2610;
				TargetAttributes = {
					41B02B8E2ED5F57C0091B97F = {
						CreatedOnToolsVersion = 26.1.1;
					};
					41B02B9D2ED5F57E0091B97F = {
						CreatedOnToolsVersion = 26.1.1;
						TestTargetID = 41B02B8E2ED5F57C0091B97F;
					};
					41B02BA72ED5F57E0091B97F = {
						CreatedOnToolsVersion = 26.1.1;
						TestTargetID = 41B02B8E2ED5F57C0091B97F;
					};
				};
			};
			buildConfigurationList = 41B02B8A2ED5F57C0091B97F /* Build configuration list for PBXProject "ChineseVoiceTranslator" */;
			developmentRegion = en;
			hasScannedForEncodings = 0;
			knownRegions = (
				en,
				Base,
			);
			mainGroup = 41B02B862ED5F57C0091B97F;
			minimizedProjectReferenceProxies = 1;
			preferredProjectObjectVersion = 77;
			productRefGroup = 41B02B902ED5F57C0091B97F /* Products */;
			projectDirPath = "";
			projectRoot = "";
			targets = (
				41B02B8E2ED5F57C0091B97F /* ChineseVoiceTranslator */,
				41B02B9D2ED5F57E0091B97F /* ChineseVoiceTranslatorTests */,
				41B02BA72ED5F57E0091B97F /* ChineseVoiceTranslatorUITests */,
			);
		};
/* End PBXProject section */

/* Begin PBXResourcesBuildPhase section */
		41B02B8D2ED5F57C0091B97F /* Resources */ = {
			isa = PBXResourcesBuildPhase;
			buildActionMask = 2147483647;
			files = (
			);
			runOnlyForDeploymentPostprocessing = 0;
		};
		41B02B9C2ED5F57E0091B97F /* Resources */ = {
			isa = PBXResourcesBuildPhase;
			buildActionMask = 2147483647;
			files = (
			);
			runOnlyForDeploymentPostprocessing = 0;
		};
		41B02BA62ED5F57E0091B97F /* Resources */ = {
			isa = PBXResourcesBuildPhase;
			buildActionMask = 2147483647;
			files = (
			);
			runOnlyForDeploymentPostprocessing = 0;
		};
/* End PBXResourcesBuildPhase section */

/* Begin PBXSourcesBuildPhase section */
		41B02B8B2ED5F57C0091B97F /* Sources */ = {
			isa = PBXSourcesBuildPhase;
			buildActionMask = 2147483647;
			files = (
			);
			runOnlyForDeploymentPostprocessing = 0;
		};
		41B02B9A2ED5F57E0091B97F /* Sources */ = {
			isa = PBXSourcesBuildPhase;
			buildActionMask = 2147483647;
			files = (
			);
			runOnlyForDeploymentPostprocessing = 0;
		};
		41B02BA42ED5F57E0091B97F /* Sources */ = {
			isa = PBXSourcesBuildPhase;
			buildActionMask = 2147483647;
			files = (
			);
			runOnlyForDeploymentPostprocessing = 0;
		};
/* End PBXSourcesBuildPhase section */

/* Begin PBXTargetDependency section */
		41B02BA02ED5F57E0091B97F /* PBXTargetDependency */ = {
			isa = PBXTargetDependency;
			target = 41B02B8E2ED5F57C0091B97F /* ChineseVoiceTranslator */;
			targetProxy = 41B02B9F2ED5F57E0091B97F /* PBXContainerItemProxy */;
		};
		41B02BAA2ED5F57E0091B97F /* PBXTargetDependency */ = {
			isa = PBXTargetDependency;
			target = 41B02B8E2ED5F57C0091B97F /* ChineseVoiceTranslator */;
			targetProxy = 41B02BA92ED5F57E0091B97F /* PBXContainerItemProxy */;
		};
/* End PBXTargetDependency section */

/* Begin XCBuildConfiguration section */
		41B02BB02ED5F57E0091B97F /* Debug */ = {
			isa = XCBuildConfiguration;
			buildSettings = {
				ALWAYS_SEARCH_USER_PATHS = NO;
				ASSETCATALOG_COMPILER_GENERATE_SWIFT_ASSET_SYMBOL_EXTENSIONS = YES;
				CLANG_ANALYZER_NONNULL = YES;
				CLANG_ANALYZER_NUMBER_OBJECT_CONVERSION = YES_AGGRESSIVE;
				CLANG_CXX_LANGUAGE_STANDARD = "gnu++20";
				CLANG_ENABLE_MODULES = YES;
				CLANG_ENABLE_OBJC_ARC = YES;
				CLANG_ENABLE_OBJC_WEAK = YES;
				CLANG_WARN_BLOCK_CAPTURE_AUTORELEASING = YES;
				CLANG_WARN_BOOL_CONVERSION = YES;
				CLANG_WARN_COMMA = YES;
				CLANG_WARN_CONSTANT_CONVERSION = YES;
				CLANG_WARN_DEPRECATED_OBJC_IMPLEMENTATIONS = YES;
				CLANG_WARN_DIRECT_OBJC_ISA_USAGE = YES_ERROR;
				CLANG_WARN_DOCUMENTATION_COMMENTS = YES;
				CLANG_WARN_EMPTY_BODY = YES;
				CLANG_WARN_ENUM_CONVERSION = YES;
				CLANG_WARN_INFINITE_RECURSION = YES;
				CLANG_WARN_INT_CONVERSION = YES;
				CLANG_WARN_NON_LITERAL_NULL_CONVERSION = YES;
				CLANG_WARN_OBJC_IMPLICIT_RETAIN_SELF = YES;
				CLANG_WARN_OBJC_LITERAL_CONVERSION = YES;
				CLANG_WARN_OBJC_ROOT_CLASS = YES_ERROR;
				CLANG_WARN_QUOTED_INCLUDE_IN_FRAMEWORK_HEADER = YES;
				CLANG_WARN_RANGE_LOOP_ANALYSIS = YES;
				CLANG_WARN_STRICT_PROTOTYPES = YES;
				CLANG_WARN_SUSPICIOUS_MOVE = YES;
				CLANG_WARN_UNGUARDED_AVAILABILITY = YES_AGGRESSIVE;
				CLANG_WARN_UNREACHABLE_CODE = YES;
				CLANG_WARN__DUPLICATE_METHOD_MATCH = YES;
				COPY_PHASE_STRIP = NO;
				DEBUG_INFORMATION_FORMAT = dwarf;
				ENABLE_STRICT_OBJC_MSGSEND = YES;
				ENABLE_TESTABILITY = YES;
				ENABLE_USER_SCRIPT_SANDBOXING = YES;
				GCC_C_LANGUAGE_STANDARD = gnu17;
				GCC_DYNAMIC_NO_PIC = NO;
				GCC_NO_COMMON_BLOCKS = YES;
				GCC_OPTIMIZATION_LEVEL = 0;
				GCC_PREPROCESSOR_DEFINITIONS = (
					"DEBUG=1",
					"$(inherited)",
				);
				GCC_WARN_64_TO_32_BIT_CONVERSION = YES;
				GCC_WARN_ABOUT_RETURN_TYPE = YES_ERROR;
				GCC_WARN_UNDECLARED_SELECTOR = YES;
				GCC_WARN_UNINITIALIZED_AUTOS = YES_AGGRESSIVE;
				GCC_WARN_UNUSED_FUNCTION = YES;
				GCC_WARN_UNUSED_VARIABLE = YES;
				IPHONEOS_DEPLOYMENT_TARGET = 26.1;
				LOCALIZATION_PREFERS_STRING_CATALOGS = YES;
				MTL_ENABLE_DEBUG_INFO = INCLUDE_SOURCE;
				MTL_FAST_MATH = YES;
				ONLY_ACTIVE_ARCH = YES;
				SDKROOT = iphoneos;
				SWIFT_ACTIVE_COMPILATION_CONDITIONS = "DEBUG $(inherited)";
				SWIFT_OPTIMIZATION_LEVEL = "-Onone";
			};
			name = Debug;
		};
		41B02BB12ED5F57E0091B97F /* Release */ = {
			isa = XCBuildConfiguration;
			buildSettings = {
				ALWAYS_SEARCH_USER_PATHS = NO;
				ASSETCATALOG_COMPILER_GENERATE_SWIFT_ASSET_SYMBOL_EXTENSIONS = YES;
				CLANG_ANALYZER_NONNULL = YES;
				CLANG_ANALYZER_NUMBER_OBJECT_CONVERSION = YES_AGGRESSIVE;
				CLANG_CXX_LANGUAGE_STANDARD = "gnu++20";
				CLANG_ENABLE_MODULES = YES;
				CLANG_ENABLE_OBJC_ARC = YES;
				CLANG_ENABLE_OBJC_WEAK = YES;
				CLANG_WARN_BLOCK_CAPTURE_AUTORELEASING = YES;
				CLANG_WARN_BOOL_CONVERSION = YES;
				CLANG_WARN_COMMA = YES;
				CLANG_WARN_CONSTANT_CONVERSION = YES;
				CLANG_WARN_DEPRECATED_OBJC_IMPLEMENTATIONS = YES;
				CLANG_WARN_DIRECT_OBJC_ISA_USAGE = YES_ERROR;
				CLANG_WARN_DOCUMENTATION_COMMENTS = YES;
				CLANG_WARN_EMPTY_BODY = YES;
				CLANG_WARN_ENUM_CONVERSION = YES;
				CLANG_WARN_INFINITE_RECURSION = YES;
				CLANG_WARN_INT_CONVERSION = YES;
				CLANG_WARN_NON_LITERAL_NULL_CONVERSION = YES;
				CLANG_WARN_OBJC_IMPLICIT_RETAIN_SELF = YES;
				CLANG_WARN_OBJC_LITERAL_CONVERSION = YES;
				CLANG_WARN_OBJC_ROOT_CLASS = YES_ERROR;
				CLANG_WARN_QUOTED_INCLUDE_IN_FRAMEWORK_HEADER = YES;
				CLANG_WARN_RANGE_LOOP_ANALYSIS = YES;
				CLANG_WARN_STRICT_PROTOTYPES = YES;
				CLANG_WARN_SUSPICIOUS_MOVE = YES;
				CLANG_WARN_UNGUARDED_AVAILABILITY = YES_AGGRESSIVE;
				CLANG_WARN_UNREACHABLE_CODE = YES;
				CLANG_WARN__DUPLICATE_METHOD_MATCH = YES;
				COPY_PHASE_STRIP = NO;
				DEBUG_INFORMATION_FORMAT = "dwarf-with-dsym";
				ENABLE_NS_ASSERTIONS = NO;
				ENABLE_STRICT_OBJC_MSGSEND = YES;
				ENABLE_USER_SCRIPT_SANDBOXING = YES;
				GCC_C_LANGUAGE_STANDARD = gnu17;
				GCC_NO_COMMON_BLOCKS = YES;
				GCC_WARN_64_TO_32_BIT_CONVERSION = YES;
				GCC_WARN_ABOUT_RETURN_TYPE = YES_ERROR;
				GCC_WARN_UNDECLARED_SELECTOR = YES;
				GCC_WARN_UNINITIALIZED_AUTOS = YES_AGGRESSIVE;
				GCC_WARN_UNUSED_FUNCTION = YES;
				GCC_WARN_UNUSED_VARIABLE = YES;
				IPHONEOS_DEPLOYMENT_TARGET = 26.1;
				LOCALIZATION_PREFERS_STRING_CATALOGS = YES;
				MTL_ENABLE_DEBUG_INFO = NO;
				MTL_FAST_MATH = YES;
				SDKROOT = iphoneos;
				SWIFT_COMPILATION_MODE = wholemodule;
				VALIDATE_PRODUCT = YES;
			};
			name = Release;
		};
		41B02BB32ED5F57E0091B97F /* Debug */ = {
			isa = XCBuildConfiguration;
			buildSettings = {
				ASSETCATALOG_COMPILER_APPICON_NAME = AppIcon;
				ASSETCATALOG_COMPILER_GLOBAL_ACCENT_COLOR_NAME = AccentColor;
				CODE_SIGN_STYLE = Automatic;
				CURRENT_PROJECT_VERSION = 1;
				DEVELOPMENT_TEAM = LU67PGVN84;
				ENABLE_PREVIEWS = YES;
				GENERATE_INFOPLIST_FILE = YES;
				INFOPLIST_KEY_CFBundleDisplayName = "XuéBàn";
				INFOPLIST_KEY_NSMicrophoneUsageDescription = "This app needs microphone access to record your speech for translation.";
				INFOPLIST_KEY_UIApplicationSceneManifest_Generation = YES;
				INFOPLIST_KEY_UIApplicationSupportsIndirectInputEvents = YES;
				INFOPLIST_KEY_UILaunchScreen_Generation = YES;
				INFOPLIST_KEY_UISupportedInterfaceOrientations_iPad = "UIInterfaceOrientationPortrait UIInterfaceOrientationPortraitUpsideDown UIInterfaceOrientationLandscapeLeft UIInterfaceOrientationLandscapeRight";
				INFOPLIST_KEY_UISupportedInterfaceOrientations_iPhone = "UIInterfaceOrientationPortrait UIInterfaceOrientationLandscapeLeft UIInterfaceOrientationLandscapeRight";
				LD_RUNPATH_SEARCH_PATHS = (
					"$(inherited)",
					"@executable_path/Frameworks",
				);
				MARKETING_VERSION = 1.0;
				NEW_SETTING = "";
				PRODUCT_BUNDLE_IDENTIFIER = com.djordjepetkovic.ChineseVoiceTranslator;
				PRODUCT_NAME = "$(TARGET_NAME)";
				STRING_CATALOG_GENERATE_SYMBOLS = YES;
				SWIFT_APPROACHABLE_CONCURRENCY = YES;
				SWIFT_EMIT_LOC_STRINGS = YES;
				SWIFT_UPCOMING_FEATURE_MEMBER_IMPORT_VISIBILITY = YES;
				SWIFT_VERSION = 5.0;
				TARGETED_DEVICE_FAMILY = "1,2";
			};
			name = Debug;
		};
		41B02BB42ED5F57E0091B97F /* Release */ = {
			isa = XCBuildConfiguration;
			buildSettings = {
				ASSETCATALOG_COMPILER_APPICON_NAME = AppIcon;
				ASSETCATALOG_COMPILER_GLOBAL_ACCENT_COLOR_NAME = AccentColor;
				CODE_SIGN_STYLE = Automatic;
				CURRENT_PROJECT_VERSION = 1;
				DEVELOPMENT_TEAM = LU67PGVN84;
				ENABLE_PREVIEWS = YES;
				GENERATE_INFOPLIST_FILE = YES;
				INFOPLIST_KEY_CFBundleDisplayName = "XuéBàn";
				INFOPLIST_KEY_NSMicrophoneUsageDescription = "This app needs microphone access to record your speech for translation.";
				INFOPLIST_KEY_UIApplicationSceneManifest_Generation = YES;
				INFOPLIST_KEY_UIApplicationSupportsIndirectInputEvents = YES;
				INFOPLIST_KEY_UILaunchScreen_Generation = YES;
				INFOPLIST_KEY_UISupportedInterfaceOrientations_iPad = "UIInterfaceOrientationPortrait UIInterfaceOrientationPortraitUpsideDown UIInterfaceOrientationLandscapeLeft UIInterfaceOrientationLandscapeRight";
				INFOPLIST_KEY_UISupportedInterfaceOrientations_iPhone = "UIInterfaceOrientationPortrait UIInterfaceOrientationLandscapeLeft UIInterfaceOrientationLandscapeRight";
				LD_RUNPATH_SEARCH_PATHS = (
					"$(inherited)",
					"@executable_path/Frameworks",
				);
				MARKETING_VERSION = 1.0;
				NEW_SETTING = "";
				PRODUCT_BUNDLE_IDENTIFIER = com.djordjepetkovic.ChineseVoiceTranslator;
				PRODUCT_NAME = "$(TARGET_NAME)";
				STRING_CATALOG_GENERATE_SYMBOLS = YES;
				SWIFT_APPROACHABLE_CONCURRENCY = YES;
				SWIFT_EMIT_LOC_STRINGS = YES;
				SWIFT_UPCOMING_FEATURE_MEMBER_IMPORT_VISIBILITY = YES;
				SWIFT_VERSION = 5.0;
				TARGETED_DEVICE_FAMILY = "1,2";
			};
			name = Release;
		};
		41B02BB62ED5F57E0091B97F /* Debug */ = {
			isa = XCBuildConfiguration;
			buildSettings = {
				BUNDLE_LOADER = "$(TEST_HOST)";
				CODE_SIGN_STYLE = Automatic;
				CURRENT_PROJECT_VERSION = 1;
				GENERATE_INFOPLIST_FILE = YES;
				IPHONEOS_DEPLOYMENT_TARGET = 26.1;
				MARKETING_VERSION = 1.0;
				PRODUCT_BUNDLE_IDENTIFIER = com.djordjepetkovic.ChineseVoiceTranslatorTests;
				PRODUCT_NAME = "$(TARGET_NAME)";
				STRING_CATALOG_GENERATE_SYMBOLS = NO;
				SWIFT_APPROACHABLE_CONCURRENCY = YES;
				SWIFT_EMIT_LOC_STRINGS = NO;
				SWIFT_UPCOMING_FEATURE_MEMBER_IMPORT_VISIBILITY = YES;
				SWIFT_VERSION = 5.0;
				TARGETED_DEVICE_FAMILY = "1,2";
				TEST_HOST = "$(BUILT_PRODUCTS_DIR)/ChineseVoiceTranslator.app/$(BUNDLE_EXECUTABLE_FOLDER_PATH)/ChineseVoiceTranslator";
			};
			name = Debug;
		};
		41B02BB72ED5F57E0091B97F /* Release */ = {
			isa = XCBuildConfiguration;
			buildSettings = {
				BUNDLE_LOADER = "$(TEST_HOST)";
				CODE_SIGN_STYLE = Automatic;
				CURRENT_PROJECT_VERSION = 1;
				GENERATE_INFOPLIST_FILE = YES;
				IPHONEOS_DEPLOYMENT_TARGET = 26.1;
				MARKETING_VERSION = 1.0;
				PRODUCT_BUNDLE_IDENTIFIER = com.djordjepetkovic.ChineseVoiceTranslatorTests;
				PRODUCT_NAME = "$(TARGET_NAME)";
				STRING_CATALOG_GENERATE_SYMBOLS = NO;
				SWIFT_APPROACHABLE_CONCURRENCY = YES;
				SWIFT_EMIT_LOC_STRINGS = NO;
				SWIFT_UPCOMING_FEATURE_MEMBER_IMPORT_VISIBILITY = YES;
				SWIFT_VERSION = 5.0;
				TARGETED_DEVICE_FAMILY = "1,2";
				TEST_HOST = "$(BUILT_PRODUCTS_DIR)/ChineseVoiceTranslator.app/$(BUNDLE_EXECUTABLE_FOLDER_PATH)/ChineseVoiceTranslator";
			};
			name = Release;
		};
		41B02BB92ED5F57E0091B97F /* Debug */ = {
			isa = XCBuildConfiguration;
			buildSettings = {
				CODE_SIGN_STYLE = Automatic;
				CURRENT_PROJECT_VERSION = 1;
				GENERATE_INFOPLIST_FILE = YES;
				MARKETING_VERSION = 1.0;
				PRODUCT_BUNDLE_IDENTIFIER = com.djordjepetkovic.ChineseVoiceTranslatorUITests;
				PRODUCT_NAME = "$(TARGET_NAME)";
				STRING_CATALOG_GENERATE_SYMBOLS = NO;
				SWIFT_APPROACHABLE_CONCURRENCY = YES;
				SWIFT_EMIT_LOC_STRINGS = NO;
				SWIFT_UPCOMING_FEATURE_MEMBER_IMPORT_VISIBILITY = YES;
				SWIFT_VERSION = 5.0;
				TARGETED_DEVICE_FAMILY = "1,2";
				TEST_TARGET_NAME = ChineseVoiceTranslator;
			};
			name = Debug;
		};
		41B02BBA2ED5F57E0091B97F /* Release */ = {
			isa = XCBuildConfiguration;
			buildSettings = {
				CODE_SIGN_STYLE = Automatic;
				CURRENT_PROJECT_VERSION = 1;
				GENERATE_INFOPLIST_FILE = YES;
				MARKETING_VERSION = 1.0;
				PRODUCT_BUNDLE_IDENTIFIER = com.djordjepetkovic.ChineseVoiceTranslatorUITests;
				PRODUCT_NAME = "$(TARGET_NAME)";
				STRING_CATALOG_GENERATE_SYMBOLS = NO;
				SWIFT_APPROACHABLE_CONCURRENCY = YES;
				SWIFT_EMIT_LOC_STRINGS = NO;
				SWIFT_UPCOMING_FEATURE_MEMBER_IMPORT_VISIBILITY = YES;
				SWIFT_VERSION = 5.0;
				TARGETED_DEVICE_FAMILY = "1,2";
				TEST_TARGET_NAME = ChineseVoiceTranslator;
			};
			name = Release;
		};
/* End XCBuildConfiguration section */

/* Begin XCConfigurationList section */
		41B02B8A2ED5F57C0091B97F /* Build configuration list for PBXProject "ChineseVoiceTranslator" */ = {
			isa = XCConfigurationList;
			buildConfigurations = (
				41B02BB02ED5F57E0091B97F /* Debug */,
				41B02BB12ED5F57E0091B97F /* Release */,
			);
			defaultConfigurationIsVisible = 0;
			defaultConfigurationName = Release;
		};
		41B02BB22ED5F57E0091B97F /* Build configuration list for PBXNativeTarget "ChineseVoiceTranslator" */ = {
			isa = XCConfigurationList;
			buildConfigurations = (
				41B02BB32ED5F57E0091B97F /* Debug */,
				41B02BB42ED5F57E0091B97F /* Release */,
			);
			defaultConfigurationIsVisible = 0;
			defaultConfigurationName = Release;
		};
		41B02BB52ED5F57E0091B97F /* Build configuration list for PBXNativeTarget "ChineseVoiceTranslatorTests" */ = {
			isa = XCConfigurationList;
			buildConfigurations = (
				41B02BB62ED5F57E0091B97F /* Debug */,
				41B02BB72ED5F57E0091B97F /* Release */,
			);
			defaultConfigurationIsVisible = 0;
			defaultConfigurationName = Release;
		};
		41B02BB82ED5F57E0091B97F /* Build configuration list for PBXNativeTarget "ChineseVoiceTranslatorUITests" */ = {
			isa = XCConfigurationList;
			buildConfigurations = (
				41B02BB92ED5F57E0091B97F /* Debug */,
				41B02BBA2ED5F57E0091B97F /* Release */,
			);
			defaultConfigurationIsVisible = 0;
			defaultConfigurationName = Release;
		};
/* End XCConfigurationList section */
	};
	rootObject = 41B02B872ED5F57C0091B97F /* Project object */;
}
